{
  "requires": true,
  "lockfileVersion": 1,
  "dependencies": {
    "classnames": {
      "version": "2.3.1",
      "resolved": "https://registry.npmjs.org/classnames/-/classnames-2.3.1.tgz",
      "integrity": "sha512-OlQdbZ7gLfGarSqxesMesDa5uz7KFbID8Kpq/SxIoNGDqY8lSYs0D+hhtBXhcdB3rcbXArFr7vlHheLk1voeNA=="
    },
    "interpolate": {
      "version": "0.1.0",
      "resolved": "https://registry.npmjs.org/interpolate/-/interpolate-0.1.0.tgz",
      "integrity": "sha1-tgF3pLqUH7NyTIIZBdmareE9Hfk="
    },
    "react-quiz": {
      "version": "2.2.0",
      "resolved": "https://registry.npmjs.org/react-quiz/-/react-quiz-2.2.0.tgz",
      "integrity": "sha1-9wB01j1cFMHmHUwfkN0yFtX4k6M=",
      "requires": {
        "classnames": "^2.2.5",
        "interpolate": "^0.1.0"
      }
    }
  }
}
